# THIS IS AN AUTOGENERATED FILE. DO NOT EDIT THIS FILE DIRECTLY.
# yarn lockfile v1


csv-writer@^0.0.3:
  version "0.0.3"
  resolved "https://registry.yarnpkg.com/csv-writer/-/csv-writer-0.0.3.tgz#b34608809bdab9a43e4da6f78ac548e1fed0c3ca"

titleize@^1.0.0:
  version "1.0.0"
  resolved "https://registry.yarnpkg.com/titleize/-/titleize-1.0.0.tgz#7d350722061830ba6617631e0cfd3ea08398d95a"
